
Microsoft Visual Studio Solution File, Format Version 12.00
# Visual Studio 2012
Project("{FAE04EC0-301F-11D3-BF4B-00C04F79EFBC}") = "Generator", "tools\Generator\Generator.csproj", "{09F60593-810A-491C-84FB-A9848A182E6D}"
EndProject
Project("{FAE04EC0-301F-11D3-BF4B-00C04F79EFBC}") = "Vulkan", "src\Vulkan\Vulkan.csproj", "{15253E36-DDDE-4C0A-9A6E-7632BACC8F7C}"
EndProject
Project("{2150E333-8FDC-42A3-9474-1A3956D46DE8}") = "Samples", "Samples", "{102C7085-1193-4401-84A7-C0A7EBD93082}"
EndProject
Project("{FAE04EC0-301F-11D3-BF4B-00C04F79EFBC}") = "ClearView", "samples\ClearView\ClearView.csproj", "{D70FCB4E-05DC-46C6-B08C-86ECC1FD98CA}"
EndProject
Project("{FAE04EC0-301F-11D3-BF4B-00C04F79EFBC}") = "Inspector", "samples\Inspector\Inspector.csproj", "{45326935-09C1-49B0-A983-DC9249C01316}"
EndProject
Project("{2150E333-8FDC-42A3-9474-1A3956D46DE8}") = "Platforms", "Platforms", "{28D51DFD-7CC8-4408-8D62-0AFC048ACE1B}"
EndProject
Project("{FAE04EC0-301F-11D3-BF4B-00C04F79EFBC}") = "Vulkan.Android", "src\Platforms\Android\Vulkan.Android.csproj", "{53C04966-6CD8-456A-865B-17B03295DD06}"
EndProject
Project("{FAE04EC0-301F-11D3-BF4B-00C04F79EFBC}") = "Vulkan.Windows", "src\Platforms\Windows\Vulkan.Windows.csproj", "{9E914493-2F70-4F34-8BD5-48185663EC03}"
EndProject
Project("{FAE04EC0-301F-11D3-BF4B-00C04F79EFBC}") = "XLogo", "samples\XLogo\XLogo.csproj", "{EF450800-9AE3-488D-802E-C85F226A2C37}"
EndProject
Global
	GlobalSection(SolutionConfigurationPlatforms) = preSolution
		Debug|Any CPU = Debug|Any CPU
		Release|Any CPU = Release|Any CPU
	EndGlobalSection
	GlobalSection(ProjectConfigurationPlatforms) = postSolution
		{09F60593-810A-491C-84FB-A9848A182E6D}.Debug|Any CPU.ActiveCfg = Debug|Any CPU
		{09F60593-810A-491C-84FB-A9848A182E6D}.Debug|Any CPU.Build.0 = Debug|Any CPU
		{09F60593-810A-491C-84FB-A9848A182E6D}.Release|Any CPU.ActiveCfg = Release|Any CPU
		{09F60593-810A-491C-84FB-A9848A182E6D}.Release|Any CPU.Build.0 = Release|Any CPU
		{15253E36-DDDE-4C0A-9A6E-7632BACC8F7C}.Debug|Any CPU.ActiveCfg = Debug|Any CPU
		{15253E36-DDDE-4C0A-9A6E-7632BACC8F7C}.Debug|Any CPU.Build.0 = Debug|Any CPU
		{15253E36-DDDE-4C0A-9A6E-7632BACC8F7C}.Release|Any CPU.ActiveCfg = Release|Any CPU
		{15253E36-DDDE-4C0A-9A6E-7632BACC8F7C}.Release|Any CPU.Build.0 = Release|Any CPU
		{D70FCB4E-05DC-46C6-B08C-86ECC1FD98CA}.Debug|Any CPU.ActiveCfg = Debug|Any CPU
		{D70FCB4E-05DC-46C6-B08C-86ECC1FD98CA}.Debug|Any CPU.Build.0 = Debug|Any CPU
		{D70FCB4E-05DC-46C6-B08C-86ECC1FD98CA}.Release|Any CPU.ActiveCfg = Release|Any CPU
		{D70FCB4E-05DC-46C6-B08C-86ECC1FD98CA}.Release|Any CPU.Build.0 = Release|Any CPU
		{45326935-09C1-49B0-A983-DC9249C01316}.Debug|Any CPU.ActiveCfg = Debug|Any CPU
		{45326935-09C1-49B0-A983-DC9249C01316}.Debug|Any CPU.Build.0 = Debug|Any CPU
		{45326935-09C1-49B0-A983-DC9249C01316}.Release|Any CPU.ActiveCfg = Release|Any CPU
		{45326935-09C1-49B0-A983-DC9249C01316}.Release|Any CPU.Build.0 = Release|Any CPU
		{53C04966-6CD8-456A-865B-17B03295DD06}.Debug|Any CPU.ActiveCfg = Debug|Any CPU
		{53C04966-6CD8-456A-865B-17B03295DD06}.Debug|Any CPU.Build.0 = Debug|Any CPU
		{53C04966-6CD8-456A-865B-17B03295DD06}.Release|Any CPU.ActiveCfg = Release|Any CPU
		{53C04966-6CD8-456A-865B-17B03295DD06}.Release|Any CPU.Build.0 = Release|Any CPU
		{9E914493-2F70-4F34-8BD5-48185663EC03}.Debug|Any CPU.ActiveCfg = Debug|Any CPU
		{9E914493-2F70-4F34-8BD5-48185663EC03}.Debug|Any CPU.Build.0 = Debug|Any CPU
		{9E914493-2F70-4F34-8BD5-48185663EC03}.Release|Any CPU.ActiveCfg = Release|Any CPU
		{9E914493-2F70-4F34-8BD5-48185663EC03}.Release|Any CPU.Build.0 = Release|Any CPU
		{EF450800-9AE3-488D-802E-C85F226A2C37}.Debug|Any CPU.ActiveCfg = Debug|Any CPU
		{EF450800-9AE3-488D-802E-C85F226A2C37}.Debug|Any CPU.Build.0 = Debug|Any CPU
		{EF450800-9AE3-488D-802E-C85F226A2C37}.Release|Any CPU.ActiveCfg = Release|Any CPU
		{EF450800-9AE3-488D-802E-C85F226A2C37}.Release|Any CPU.Build.0 = Release|Any CPU
	EndGlobalSection
	GlobalSection(NestedProjects) = preSolution
		{D70FCB4E-05DC-46C6-B08C-86ECC1FD98CA} = {102C7085-1193-4401-84A7-C0A7EBD93082}
		{45326935-09C1-49B0-A983-DC9249C01316} = {102C7085-1193-4401-84A7-C0A7EBD93082}
		{53C04966-6CD8-456A-865B-17B03295DD06} = {28D51DFD-7CC8-4408-8D62-0AFC048ACE1B}
		{9E914493-2F70-4F34-8BD5-48185663EC03} = {28D51DFD-7CC8-4408-8D62-0AFC048ACE1B}
		{EF450800-9AE3-488D-802E-C85F226A2C37} = {102C7085-1193-4401-84A7-C0A7EBD93082}
	EndGlobalSection
EndGlobal
