
Microsoft Visual Studio Solution File, Format Version 12.00
# Visual Studio 15
VisualStudioVersion = 15.0.27130.2003
MinimumVisualStudioVersion = 10.0.40219.1
Project("{FAE04EC0-301F-11D3-BF4B-00C04F79EFBC}") = "Generator", "tools\Generator\Generator.csproj", "{09F60593-810A-491C-84FB-A9848A182E6D}"
EndProject
Project("{2150E333-8FDC-42A3-9474-1A3956D46DE8}") = "Samples", "Samples", "{102C7085-1193-4401-84A7-C0A7EBD93082}"
EndProject
Project("{2150E333-8FDC-42A3-9474-1A3956D46DE8}") = "Platforms", "Platforms", "{28D51DFD-7CC8-4408-8D62-0AFC048ACE1B}"
EndProject
Project("{FAE04EC0-301F-11D3-BF4B-00C04F79EFBC}") = "Vulkan.Android", "src\Platforms\Android\Vulkan.Android.csproj", "{53C04966-6CD8-456A-865B-17B03295DD06}"
EndProject
Project("{FAE04EC0-301F-11D3-BF4B-00C04F79EFBC}") = "Vulkan.Windows", "src\Platforms\Windows\Vulkan.Windows.csproj", "{9E914493-2F70-4F34-8BD5-48185663EC03}"
EndProject
Project("{FAE04EC0-301F-11D3-BF4B-00C04F79EFBC}") = "NativeMemory", "tests\NativeMemory\NativeMemory.csproj", "{FB79F840-669D-4B00-92C3-F23B6C24C153}"
EndProject
Project("{2150E333-8FDC-42A3-9474-1A3956D46DE8}") = "Tests", "Tests", "{BCBE8B1A-BDF9-4303-B113-DB8AEF369E26}"
EndProject
Project("{FAE04EC0-301F-11D3-BF4B-00C04F79EFBC}") = "DocMerge", "tools\DocMerge\DocMerge.csproj", "{3D13E652-5F08-41E0-ABB6-8802249DCB96}"
EndProject
Project("{FAE04EC0-301F-11D3-BF4B-00C04F79EFBC}") = "Vulkan.iOS", "src\Platforms\iOS\Vulkan.iOS.csproj", "{1D44D14A-8A7A-4DD9-837D-E7F50EF2ADA6}"
EndProject
Project("{2150E333-8FDC-42A3-9474-1A3956D46DE8}") = "XLogo", "XLogo", "{D7232C04-ACB3-4DB3-96D8-49C7A846029A}"
EndProject
Project("{2150E333-8FDC-42A3-9474-1A3956D46DE8}") = "ClearView", "ClearView", "{DB4D556A-3B3E-4572-A43A-684B14F63141}"
EndProject
Project("{FAE04EC0-301F-11D3-BF4B-00C04F79EFBC}") = "XLogo.Android", "samples\XLogo\XLogo.Android\XLogo.Android.csproj", "{EF450800-9AE3-488D-802E-C85F226A2C37}"
EndProject
Project("{FAE04EC0-301F-11D3-BF4B-00C04F79EFBC}") = "XLogo.Windows", "samples\XLogo\XLogo.Windows\XLogo.Windows.csproj", "{F57A3F96-96C0-4792-8364-62404C03401E}"
EndProject
Project("{FAE04EC0-301F-11D3-BF4B-00C04F79EFBC}") = "ClearView.Android", "samples\ClearView\ClearView.Android\ClearView.Android.csproj", "{D70FCB4E-05DC-46C6-B08C-86ECC1FD98CA}"
EndProject
Project("{FAE04EC0-301F-11D3-BF4B-00C04F79EFBC}") = "ClearView.Windows", "samples\ClearView\ClearView.Windows\ClearView.Windows.csproj", "{04A65D55-5C86-46C6-8394-338A8CF3DC10}"
EndProject
Project("{2150E333-8FDC-42A3-9474-1A3956D46DE8}") = "Inspector", "Inspector", "{8677D5CE-276E-4417-8E57-841E87E3C82C}"
EndProject
Project("{FAE04EC0-301F-11D3-BF4B-00C04F79EFBC}") = "Inspector.Android", "samples\Inspector\Inspector.Android\Inspector.Android.csproj", "{45326935-09C1-49B0-A983-DC9249C01316}"
EndProject
Project("{FAE04EC0-301F-11D3-BF4B-00C04F79EFBC}") = "Inspector.Windows", "samples\Inspector\Inspector.Windows\Inspector.Windows.csproj", "{01DA7193-D256-4EC3-8911-3F764792CBD4}"
EndProject
Project("{FAE04EC0-301F-11D3-BF4B-00C04F79EFBC}") = "XLogo.Common", "samples\XLogo\XLogo.Common\XLogo.Common.csproj", "{3ADF6D1B-F854-42DB-9A46-7AC2A257CB85}"
EndProject
Project("{FAE04EC0-301F-11D3-BF4B-00C04F79EFBC}") = "ClearView.Common", "samples\ClearView\ClearView.Common\ClearView.Common.csproj", "{A4DB854E-6B80-4E25-9DED-B530CD549ACE}"
EndProject
Project("{FAE04EC0-301F-11D3-BF4B-00C04F79EFBC}") = "Inspector.Common", "samples\Inspector\Inspector.Common\Inspector.Common.csproj", "{3A20E0E2-536D-481C-A31E-3C3D5AB36CDF}"
EndProject
Project("{2150E333-8FDC-42A3-9474-1A3956D46DE8}") = "VulkanSample", "VulkanSample", "{8A01E4CF-B2C7-4C0B-9163-A6A449036469}"
EndProject
Project("{FAE04EC0-301F-11D3-BF4B-00C04F79EFBC}") = "VulkanSample.Android", "samples\VulkanSample\VulkanSample.Android\VulkanSample.Android.csproj", "{79C2E3E0-456B-491F-962F-E424E1241763}"
EndProject
Project("{FAE04EC0-301F-11D3-BF4B-00C04F79EFBC}") = "VulkanSample.Common", "samples\VulkanSample\VulkanSample.Common\VulkanSample.Common.csproj", "{5C30400B-37A3-48E7-A10A-15A1CF984A9E}"
EndProject
Project("{FAE04EC0-301F-11D3-BF4B-00C04F79EFBC}") = "Vulkan", "src\Vulkan\Vulkan.csproj", "{15253E36-DDDE-4C0A-9A6E-7632BACC8F7C}"
EndProject
Project("{FAE04EC0-301F-11D3-BF4B-00C04F79EFBC}") = "VulkanSample.Windows", "samples\VulkanSample\VulkanSample.Windows\VulkanSample.Windows.csproj", "{BFAB0E35-A090-4D83-A5A6-5DF72ADA2F95}"
EndProject
Global
	GlobalSection(SolutionConfigurationPlatforms) = preSolution
		Debug|Any CPU = Debug|Any CPU
		Release|Any CPU = Release|Any CPU
	EndGlobalSection
	GlobalSection(ProjectConfigurationPlatforms) = postSolution
		{09F60593-810A-491C-84FB-A9848A182E6D}.Debug|Any CPU.ActiveCfg = Debug|Any CPU
		{09F60593-810A-491C-84FB-A9848A182E6D}.Debug|Any CPU.Build.0 = Debug|Any CPU
		{09F60593-810A-491C-84FB-A9848A182E6D}.Release|Any CPU.ActiveCfg = Release|Any CPU
		{09F60593-810A-491C-84FB-A9848A182E6D}.Release|Any CPU.Build.0 = Release|Any CPU
		{53C04966-6CD8-456A-865B-17B03295DD06}.Debug|Any CPU.ActiveCfg = Debug|Any CPU
		{53C04966-6CD8-456A-865B-17B03295DD06}.Debug|Any CPU.Build.0 = Debug|Any CPU
		{53C04966-6CD8-456A-865B-17B03295DD06}.Release|Any CPU.ActiveCfg = Release|Any CPU
		{53C04966-6CD8-456A-865B-17B03295DD06}.Release|Any CPU.Build.0 = Release|Any CPU
		{9E914493-2F70-4F34-8BD5-48185663EC03}.Debug|Any CPU.ActiveCfg = Debug|Any CPU
		{9E914493-2F70-4F34-8BD5-48185663EC03}.Debug|Any CPU.Build.0 = Debug|Any CPU
		{9E914493-2F70-4F34-8BD5-48185663EC03}.Release|Any CPU.ActiveCfg = Release|Any CPU
		{9E914493-2F70-4F34-8BD5-48185663EC03}.Release|Any CPU.Build.0 = Release|Any CPU
		{FB79F840-669D-4B00-92C3-F23B6C24C153}.Debug|Any CPU.ActiveCfg = Debug|Any CPU
		{FB79F840-669D-4B00-92C3-F23B6C24C153}.Debug|Any CPU.Build.0 = Debug|Any CPU
		{FB79F840-669D-4B00-92C3-F23B6C24C153}.Release|Any CPU.ActiveCfg = Release|Any CPU
		{FB79F840-669D-4B00-92C3-F23B6C24C153}.Release|Any CPU.Build.0 = Release|Any CPU
		{3D13E652-5F08-41E0-ABB6-8802249DCB96}.Debug|Any CPU.ActiveCfg = Debug|Any CPU
		{3D13E652-5F08-41E0-ABB6-8802249DCB96}.Debug|Any CPU.Build.0 = Debug|Any CPU
		{3D13E652-5F08-41E0-ABB6-8802249DCB96}.Release|Any CPU.ActiveCfg = Release|Any CPU
		{3D13E652-5F08-41E0-ABB6-8802249DCB96}.Release|Any CPU.Build.0 = Release|Any CPU
		{1D44D14A-8A7A-4DD9-837D-E7F50EF2ADA6}.Debug|Any CPU.ActiveCfg = Debug|Any CPU
		{1D44D14A-8A7A-4DD9-837D-E7F50EF2ADA6}.Debug|Any CPU.Build.0 = Debug|Any CPU
		{1D44D14A-8A7A-4DD9-837D-E7F50EF2ADA6}.Release|Any CPU.ActiveCfg = Release|Any CPU
		{1D44D14A-8A7A-4DD9-837D-E7F50EF2ADA6}.Release|Any CPU.Build.0 = Release|Any CPU
		{EF450800-9AE3-488D-802E-C85F226A2C37}.Debug|Any CPU.ActiveCfg = Debug|Any CPU
		{EF450800-9AE3-488D-802E-C85F226A2C37}.Debug|Any CPU.Build.0 = Debug|Any CPU
		{EF450800-9AE3-488D-802E-C85F226A2C37}.Debug|Any CPU.Deploy.0 = Debug|Any CPU
		{EF450800-9AE3-488D-802E-C85F226A2C37}.Release|Any CPU.ActiveCfg = Release|Any CPU
		{EF450800-9AE3-488D-802E-C85F226A2C37}.Release|Any CPU.Build.0 = Release|Any CPU
		{EF450800-9AE3-488D-802E-C85F226A2C37}.Release|Any CPU.Deploy.0 = Release|Any CPU
		{F57A3F96-96C0-4792-8364-62404C03401E}.Debug|Any CPU.ActiveCfg = Debug|Any CPU
		{F57A3F96-96C0-4792-8364-62404C03401E}.Debug|Any CPU.Build.0 = Debug|Any CPU
		{F57A3F96-96C0-4792-8364-62404C03401E}.Release|Any CPU.ActiveCfg = Release|Any CPU
		{F57A3F96-96C0-4792-8364-62404C03401E}.Release|Any CPU.Build.0 = Release|Any CPU
		{D70FCB4E-05DC-46C6-B08C-86ECC1FD98CA}.Debug|Any CPU.ActiveCfg = Debug|Any CPU
		{D70FCB4E-05DC-46C6-B08C-86ECC1FD98CA}.Debug|Any CPU.Build.0 = Debug|Any CPU
		{D70FCB4E-05DC-46C6-B08C-86ECC1FD98CA}.Debug|Any CPU.Deploy.0 = Debug|Any CPU
		{D70FCB4E-05DC-46C6-B08C-86ECC1FD98CA}.Release|Any CPU.ActiveCfg = Release|Any CPU
		{D70FCB4E-05DC-46C6-B08C-86ECC1FD98CA}.Release|Any CPU.Build.0 = Release|Any CPU
		{D70FCB4E-05DC-46C6-B08C-86ECC1FD98CA}.Release|Any CPU.Deploy.0 = Release|Any CPU
		{04A65D55-5C86-46C6-8394-338A8CF3DC10}.Debug|Any CPU.ActiveCfg = Debug|Any CPU
		{04A65D55-5C86-46C6-8394-338A8CF3DC10}.Debug|Any CPU.Build.0 = Debug|Any CPU
		{04A65D55-5C86-46C6-8394-338A8CF3DC10}.Release|Any CPU.ActiveCfg = Release|Any CPU
		{04A65D55-5C86-46C6-8394-338A8CF3DC10}.Release|Any CPU.Build.0 = Release|Any CPU
		{45326935-09C1-49B0-A983-DC9249C01316}.Debug|Any CPU.ActiveCfg = Debug|Any CPU
		{45326935-09C1-49B0-A983-DC9249C01316}.Debug|Any CPU.Build.0 = Debug|Any CPU
		{45326935-09C1-49B0-A983-DC9249C01316}.Debug|Any CPU.Deploy.0 = Debug|Any CPU
		{45326935-09C1-49B0-A983-DC9249C01316}.Release|Any CPU.ActiveCfg = Release|Any CPU
		{45326935-09C1-49B0-A983-DC9249C01316}.Release|Any CPU.Build.0 = Release|Any CPU
		{45326935-09C1-49B0-A983-DC9249C01316}.Release|Any CPU.Deploy.0 = Release|Any CPU
		{01DA7193-D256-4EC3-8911-3F764792CBD4}.Debug|Any CPU.ActiveCfg = Debug|Any CPU
		{01DA7193-D256-4EC3-8911-3F764792CBD4}.Debug|Any CPU.Build.0 = Debug|Any CPU
		{01DA7193-D256-4EC3-8911-3F764792CBD4}.Release|Any CPU.ActiveCfg = Release|Any CPU
		{01DA7193-D256-4EC3-8911-3F764792CBD4}.Release|Any CPU.Build.0 = Release|Any CPU
		{3ADF6D1B-F854-42DB-9A46-7AC2A257CB85}.Debug|Any CPU.ActiveCfg = Debug|Any CPU
		{3ADF6D1B-F854-42DB-9A46-7AC2A257CB85}.Debug|Any CPU.Build.0 = Debug|Any CPU
		{3ADF6D1B-F854-42DB-9A46-7AC2A257CB85}.Release|Any CPU.ActiveCfg = Release|Any CPU
		{3ADF6D1B-F854-42DB-9A46-7AC2A257CB85}.Release|Any CPU.Build.0 = Release|Any CPU
		{A4DB854E-6B80-4E25-9DED-B530CD549ACE}.Debug|Any CPU.ActiveCfg = Debug|Any CPU
		{A4DB854E-6B80-4E25-9DED-B530CD549ACE}.Debug|Any CPU.Build.0 = Debug|Any CPU
		{A4DB854E-6B80-4E25-9DED-B530CD549ACE}.Release|Any CPU.ActiveCfg = Release|Any CPU
		{A4DB854E-6B80-4E25-9DED-B530CD549ACE}.Release|Any CPU.Build.0 = Release|Any CPU
		{3A20E0E2-536D-481C-A31E-3C3D5AB36CDF}.Debug|Any CPU.ActiveCfg = Debug|Any CPU
		{3A20E0E2-536D-481C-A31E-3C3D5AB36CDF}.Debug|Any CPU.Build.0 = Debug|Any CPU
		{3A20E0E2-536D-481C-A31E-3C3D5AB36CDF}.Release|Any CPU.ActiveCfg = Release|Any CPU
		{3A20E0E2-536D-481C-A31E-3C3D5AB36CDF}.Release|Any CPU.Build.0 = Release|Any CPU
		{79C2E3E0-456B-491F-962F-E424E1241763}.Debug|Any CPU.ActiveCfg = Debug|Any CPU
		{79C2E3E0-456B-491F-962F-E424E1241763}.Debug|Any CPU.Build.0 = Debug|Any CPU
		{79C2E3E0-456B-491F-962F-E424E1241763}.Release|Any CPU.ActiveCfg = Release|Any CPU
		{79C2E3E0-456B-491F-962F-E424E1241763}.Release|Any CPU.Build.0 = Release|Any CPU
		{5C30400B-37A3-48E7-A10A-15A1CF984A9E}.Debug|Any CPU.ActiveCfg = Debug|Any CPU
		{5C30400B-37A3-48E7-A10A-15A1CF984A9E}.Debug|Any CPU.Build.0 = Debug|Any CPU
		{5C30400B-37A3-48E7-A10A-15A1CF984A9E}.Release|Any CPU.ActiveCfg = Release|Any CPU
		{5C30400B-37A3-48E7-A10A-15A1CF984A9E}.Release|Any CPU.Build.0 = Release|Any CPU
		{15253E36-DDDE-4C0A-9A6E-7632BACC8F7C}.Debug|Any CPU.ActiveCfg = Debug|Any CPU
		{15253E36-DDDE-4C0A-9A6E-7632BACC8F7C}.Debug|Any CPU.Build.0 = Debug|Any CPU
		{15253E36-DDDE-4C0A-9A6E-7632BACC8F7C}.Release|Any CPU.ActiveCfg = Release|Any CPU
		{15253E36-DDDE-4C0A-9A6E-7632BACC8F7C}.Release|Any CPU.Build.0 = Release|Any CPU
		{BFAB0E35-A090-4D83-A5A6-5DF72ADA2F95}.Debug|Any CPU.ActiveCfg = Debug|Any CPU
		{BFAB0E35-A090-4D83-A5A6-5DF72ADA2F95}.Debug|Any CPU.Build.0 = Debug|Any CPU
		{BFAB0E35-A090-4D83-A5A6-5DF72ADA2F95}.Release|Any CPU.ActiveCfg = Release|Any CPU
		{BFAB0E35-A090-4D83-A5A6-5DF72ADA2F95}.Release|Any CPU.Build.0 = Release|Any CPU
	EndGlobalSection
	GlobalSection(SolutionProperties) = preSolution
		HideSolutionNode = FALSE
	EndGlobalSection
	GlobalSection(NestedProjects) = preSolution
		{53C04966-6CD8-456A-865B-17B03295DD06} = {28D51DFD-7CC8-4408-8D62-0AFC048ACE1B}
		{9E914493-2F70-4F34-8BD5-48185663EC03} = {28D51DFD-7CC8-4408-8D62-0AFC048ACE1B}
		{FB79F840-669D-4B00-92C3-F23B6C24C153} = {BCBE8B1A-BDF9-4303-B113-DB8AEF369E26}
		{1D44D14A-8A7A-4DD9-837D-E7F50EF2ADA6} = {28D51DFD-7CC8-4408-8D62-0AFC048ACE1B}
		{D7232C04-ACB3-4DB3-96D8-49C7A846029A} = {102C7085-1193-4401-84A7-C0A7EBD93082}
		{DB4D556A-3B3E-4572-A43A-684B14F63141} = {102C7085-1193-4401-84A7-C0A7EBD93082}
		{EF450800-9AE3-488D-802E-C85F226A2C37} = {D7232C04-ACB3-4DB3-96D8-49C7A846029A}
		{F57A3F96-96C0-4792-8364-62404C03401E} = {D7232C04-ACB3-4DB3-96D8-49C7A846029A}
		{D70FCB4E-05DC-46C6-B08C-86ECC1FD98CA} = {DB4D556A-3B3E-4572-A43A-684B14F63141}
		{04A65D55-5C86-46C6-8394-338A8CF3DC10} = {DB4D556A-3B3E-4572-A43A-684B14F63141}
		{8677D5CE-276E-4417-8E57-841E87E3C82C} = {102C7085-1193-4401-84A7-C0A7EBD93082}
		{45326935-09C1-49B0-A983-DC9249C01316} = {8677D5CE-276E-4417-8E57-841E87E3C82C}
		{01DA7193-D256-4EC3-8911-3F764792CBD4} = {8677D5CE-276E-4417-8E57-841E87E3C82C}
		{3ADF6D1B-F854-42DB-9A46-7AC2A257CB85} = {D7232C04-ACB3-4DB3-96D8-49C7A846029A}
		{A4DB854E-6B80-4E25-9DED-B530CD549ACE} = {DB4D556A-3B3E-4572-A43A-684B14F63141}
		{3A20E0E2-536D-481C-A31E-3C3D5AB36CDF} = {8677D5CE-276E-4417-8E57-841E87E3C82C}
		{8A01E4CF-B2C7-4C0B-9163-A6A449036469} = {102C7085-1193-4401-84A7-C0A7EBD93082}
		{79C2E3E0-456B-491F-962F-E424E1241763} = {8A01E4CF-B2C7-4C0B-9163-A6A449036469}
		{5C30400B-37A3-48E7-A10A-15A1CF984A9E} = {8A01E4CF-B2C7-4C0B-9163-A6A449036469}
		{BFAB0E35-A090-4D83-A5A6-5DF72ADA2F95} = {8A01E4CF-B2C7-4C0B-9163-A6A449036469}
	EndGlobalSection
	GlobalSection(ExtensibilityGlobals) = postSolution
		SolutionGuid = {7045423B-7050-4CA9-BD63-22FC708510BF}
	EndGlobalSection
EndGlobal
