
Microsoft Visual Studio Solution File, Format Version 12.00
# Visual Studio 2012
Project("{FAE04EC0-301F-11D3-BF4B-00C04F79EFBC}") = "Generator", "tools\Generator\Generator.csproj", "{09F60593-810A-491C-84FB-A9848A182E6D}"
EndProject
Project("{FAE04EC0-301F-11D3-BF4B-00C04F79EFBC}") = "Vulkan", "src\Vulkan\Vulkan.csproj", "{15253E36-DDDE-4C0A-9A6E-7632BACC8F7C}"
EndProject
Global
	GlobalSection(SolutionConfigurationPlatforms) = preSolution
		Debug|Any CPU = Debug|Any CPU
		Release|Any CPU = Release|Any CPU
	EndGlobalSection
	GlobalSection(ProjectConfigurationPlatforms) = postSolution
		{09F60593-810A-491C-84FB-A9848A182E6D}.Debug|Any CPU.ActiveCfg = Debug|Any CPU
		{09F60593-810A-491C-84FB-A9848A182E6D}.Debug|Any CPU.Build.0 = Debug|Any CPU
		{09F60593-810A-491C-84FB-A9848A182E6D}.Release|Any CPU.ActiveCfg = Release|Any CPU
		{09F60593-810A-491C-84FB-A9848A182E6D}.Release|Any CPU.Build.0 = Release|Any CPU
		{15253E36-DDDE-4C0A-9A6E-7632BACC8F7C}.Debug|Any CPU.ActiveCfg = Debug|Any CPU
		{15253E36-DDDE-4C0A-9A6E-7632BACC8F7C}.Debug|Any CPU.Build.0 = Debug|Any CPU
		{15253E36-DDDE-4C0A-9A6E-7632BACC8F7C}.Release|Any CPU.ActiveCfg = Release|Any CPU
		{15253E36-DDDE-4C0A-9A6E-7632BACC8F7C}.Release|Any CPU.Build.0 = Release|Any CPU
	EndGlobalSection
EndGlobal
